{
    "_readme": [
        "This file locks the dependencies of your project to a known state",
        "Read more about it at https://getcomposer.org/doc/01-basic-usage.md#composer-lock-the-lock-file",
        "This file is @generated automatically"
    ],
    "hash": "ab9b3b4f4ccfc62ccb54d1688f4062e2",
    "content-hash": "7115deb373c886b413505f511d7becf2",
    "packages": [
        {
            "name": "stripe/stripe-php",
            "version": "v3.21.0",
            "source": {
                "type": "git",
                "url": "https://github.com/stripe/stripe-php.git",
                "reference": "0f4f89094b6a1ba9c9c1b5c32358d8d0acc19682"
            },
            "dist": {
                "type": "zip",
                "url": "https://api.github.com/repos/stripe/stripe-php/zipball/0f4f89094b6a1ba9c9c1b5c32358d8d0acc19682",
                "reference": "0f4f89094b6a1ba9c9c1b5c32358d8d0acc19682",
                "shasum": ""
            },
            "require": {
                "ext-curl": "*",
                "ext-json": "*",
                "ext-mbstring": "*",
                "php": ">=5.3.3"
            },
            "require-dev": {
                "phpunit/phpunit": "~4.0",
                "satooshi/php-coveralls": "~0.6.1",
                "squizlabs/php_codesniffer": "~2.0"
            },
            "type": "library",
            "extra": {
                "branch-alias": {
                    "dev-master": "2.0-dev"
                }
            },
            "autoload": {
                "psr-4": {
                    "Stripe\\": "lib/"
                }
            },
            "notification-url": "https://packagist.org/downloads/",
            "license": [
                "MIT"
            ],
            "authors": [
                {
                    "name": "Stripe and contributors",
                    "homepage": "https://github.com/stripe/stripe-php/contributors"
                }
            ],
            "description": "Stripe PHP Library",
            "homepage": "https://stripe.com/",
            "keywords": [
                "api",
                "payment processing",
                "stripe"
            ],
            "time": "2016-08-25 22:58:28"
        },
        {
            "name": "swiftmailer/swiftmailer",
            "version": "v5.4.3",
            "source": {
                "type": "git",
                "url": "https://github.com/swiftmailer/swiftmailer.git",
                "reference": "4cc92842069c2bbc1f28daaaf1d2576ec4dfe153"
            },
            "dist": {
                "type": "zip",
                "url": "https://api.github.com/repos/swiftmailer/swiftmailer/zipball/4cc92842069c2bbc1f28daaaf1d2576ec4dfe153",
                "reference": "4cc92842069c2bbc1f28daaaf1d2576ec4dfe153",
                "shasum": ""
            },
            "require": {
                "php": ">=5.3.3"
            },
            "require-dev": {
                "mockery/mockery": "~0.9.1"
            },
            "type": "library",
            "extra": {
                "branch-alias": {
                    "dev-master": "5.4-dev"
                }
            },
            "autoload": {
                "files": [
                    "lib/swift_required.php"
                ]
            },
            "notification-url": "https://packagist.org/downloads/",
            "license": [
                "MIT"
            ],
            "authors": [
                {
                    "name": "Chris Corbyn"
                },
                {
                    "name": "Fabien Potencier",
                    "email": "fabien@symfony.com"
                }
            ],
            "description": "Swiftmailer, free feature-rich PHP mailer",
            "homepage": "http://swiftmailer.org",
            "keywords": [
                "email",
                "mail",
                "mailer"
            ],
            "time": "2016-07-08 11:51:25"
        }
    ],
    "packages-dev": [],
    "aliases": [],
    "minimum-stability": "stable",
    "stability-flags": {
        "stripe/stripe-php": 0,
        "swiftmailer/swiftmailer": 0
    },
    "prefer-stable": false,
    "prefer-lowest": false,
    "platform": [],
    "platform-dev": []
}
